
Microsoft Visual Studio Solution File, Format Version 12.00
# Visual Studio Version 16
VisualStudioVersion = 16.0.28922.388
MinimumVisualStudioVersion = 10.0.40219.1
Project("{FAE04EC0-301F-11D3-BF4B-00C04F79EFBC}") = "Portal264.Blazor", "Portal264.Blazor\Portal264.Blazor.csproj", "{37D537EC-960F-4195-BCCE-7F55FF0B6D55}"
EndProject
Global
	GlobalSection(SolutionConfigurationPlatforms) = preSolution
		Debug|Any CPU = Debug|Any CPU
		Release|Any CPU = Release|Any CPU
	EndGlobalSection
	GlobalSection(ProjectConfigurationPlatforms) = postSolution
		{37D537EC-960F-4195-BCCE-7F55FF0B6D55}.Debug|Any CPU.ActiveCfg = Debug|Any CPU
		{37D537EC-960F-4195-BCCE-7F55FF0B6D55}.Debug|Any CPU.Build.0 = Debug|Any CPU
		{37D537EC-960F-4195-BCCE-7F55FF0B6D55}.Release|Any CPU.ActiveCfg = Release|Any CPU
		{37D537EC-960F-4195-BCCE-7F55FF0B6D55}.Release|Any CPU.Build.0 = Release|Any CPU
	EndGlobalSection
	GlobalSection(SolutionProperties) = preSolution
		HideSolutionNode = FALSE
	EndGlobalSection
	GlobalSection(ExtensibilityGlobals) = postSolution
		SolutionGuid = {DC0C8B69-4810-405E-A35F-AC1883D44004}
	EndGlobalSection
EndGlobal
